
Microsoft Visual Studio Solution File, Format Version 12.00
# Visual Studio Version 16
VisualStudioVersion = 16.0.32802.440
MinimumVisualStudioVersion = 10.0.40219.1
Project("{FAE04EC0-301F-11D3-BF4B-00C04F79EFBC}") = "TradeProject", "TradeProject\TradeProject.csproj", "{F767AEDB-C26F-48ED-BC28-D3496B1E5402}"
EndProject
Global
	GlobalSection(SolutionConfigurationPlatforms) = preSolution
		Debug|Any CPU = Debug|Any CPU
		Release|Any CPU = Release|Any CPU
	EndGlobalSection
	GlobalSection(ProjectConfigurationPlatforms) = postSolution
		{F767AEDB-C26F-48ED-BC28-D3496B1E5402}.Debug|Any CPU.ActiveCfg = Debug|Any CPU
		{F767AEDB-C26F-48ED-BC28-D3496B1E5402}.Debug|Any CPU.Build.0 = Debug|Any CPU
		{F767AEDB-C26F-48ED-BC28-D3496B1E5402}.Release|Any CPU.ActiveCfg = Release|Any CPU
		{F767AEDB-C26F-48ED-BC28-D3496B1E5402}.Release|Any CPU.Build.0 = Release|Any CPU
	EndGlobalSection
	GlobalSection(SolutionProperties) = preSolution
		HideSolutionNode = FALSE
	EndGlobalSection
	GlobalSection(ExtensibilityGlobals) = postSolution
		SolutionGuid = {D34ADCDD-C8F9-4D10-A035-3916B623434E}
	EndGlobalSection
EndGlobal
